// !$*UTF8*$!
{
	archiveVersion = 1;
	classes = {
	};
	objectVersion = 55;
	objects = {

/* Begin PBXBuildFile section */
		6A0CC2132717232800066AF6 /* 1475.swift in Sources */ = {isa = PBXBuildFile; fileRef = 6A0CC2122717232800066AF6 /* 1475.swift */; };
		6A1BD6C52721A40200A10273 /* 1463.swift in Sources */ = {isa = PBXBuildFile; fileRef = 6A1BD6C42721A40200A10273 /* 1463.swift */; };
		6A1BD6C72721B6CE00A10273 /* 9095.swift in Sources */ = {isa = PBXBuildFile; fileRef = 6A1BD6C62721B6CE00A10273 /* 9095.swift */; };
		6A1C594D272EE6B20068A891 /* ProgrammersN진수게임Level2.swift in Sources */ = {isa = PBXBuildFile; fileRef = 6A1C594C272EE6B20068A891 /* ProgrammersN진수게임Level2.swift */; };
		6A7AB04B271F088A007924F9 /* 10807.swift in Sources */ = {isa = PBXBuildFile; fileRef = 6A7AB04A271F088A007924F9 /* 10807.swift */; };
		6A86C44F272A9A1300CC25AC /* Programmers거리두기Level2.swift in Sources */ = {isa = PBXBuildFile; fileRef = 6A86C44E272A9A1300CC25AC /* Programmers거리두기Level2.swift */; };
		6A8FB6AB27187BC700A2D05C /* 1926.swift in Sources */ = {isa = PBXBuildFile; fileRef = 6A8FB6AA27187BC700A2D05C /* 1926.swift */; };
		6A8FB6AD2718B28300A2D05C /* 7576.swift in Sources */ = {isa = PBXBuildFile; fileRef = 6A8FB6AC2718B28300A2D05C /* 7576.swift */; };
		6A90FEA7271DA0BA001699DF /* 3273.swift in Sources */ = {isa = PBXBuildFile; fileRef = 6A90FEA6271DA0BA001699DF /* 3273.swift */; };
		6A950BB7274355AE00DDAE25 /* Main.swift in Sources */ = {isa = PBXBuildFile; fileRef = 6A950BB6274355AE00DDAE25 /* Main.swift */; };
		6A950BB9274402C400DDAE25 /* Programmers뉴스클러스터링Level2.swift in Sources */ = {isa = PBXBuildFile; fileRef = 6A950BB8274402C400DDAE25 /* Programmers뉴스클러스터링Level2.swift */; };
		6AB37CF327283C56001CB1C4 /* ProgrammersSkillLevel1.swift in Sources */ = {isa = PBXBuildFile; fileRef = 6AB37CF227283C56001CB1C4 /* ProgrammersSkillLevel1.swift */; };
		6AB37CF527284123001CB1C4 /* ProgrammersSkillLevel1-2.swift in Sources */ = {isa = PBXBuildFile; fileRef = 6AB37CF427284123001CB1C4 /* ProgrammersSkillLevel1-2.swift */; };
		6AB3B833270597130028E87B /* 1000.swift in Sources */ = {isa = PBXBuildFile; fileRef = 6AB3B832270597130028E87B /* 1000.swift */; };
		6ABE376F2720596C002401FD /* 1919.swift in Sources */ = {isa = PBXBuildFile; fileRef = 6ABE376E2720596C002401FD /* 1919.swift */; };
		6AF36A95271C606000BBB9D4 /* 10808.swift in Sources */ = {isa = PBXBuildFile; fileRef = 6AF36A94271C606000BBB9D4 /* 10808.swift */; };
		6AFC8143271B0A130031716E /* 2577.swift in Sources */ = {isa = PBXBuildFile; fileRef = 6AFC8142271B0A130031716E /* 2577.swift */; };
/* End PBXBuildFile section */

/* Begin PBXCopyFilesBuildPhase section */
		6AB3B826270597060028E87B /* CopyFiles */ = {
			isa = PBXCopyFilesBuildPhase;
			buildActionMask = 2147483647;
			dstPath = /usr/share/man/man1/;
			dstSubfolderSpec = 0;
			files = (
			);
			runOnlyForDeploymentPostprocessing = 1;
		};
/* End PBXCopyFilesBuildPhase section */

/* Begin PBXFileReference section */
		6A0CC2122717232800066AF6 /* 1475.swift */ = {isa = PBXFileReference; lastKnownFileType = sourcecode.swift; path = 1475.swift; sourceTree = "<group>"; };
		6A1BD6C42721A40200A10273 /* 1463.swift */ = {isa = PBXFileReference; lastKnownFileType = sourcecode.swift; path = 1463.swift; sourceTree = "<group>"; };
		6A1BD6C62721B6CE00A10273 /* 9095.swift */ = {isa = PBXFileReference; lastKnownFileType = sourcecode.swift; path = 9095.swift; sourceTree = "<group>"; };
		6A1C594C272EE6B20068A891 /* ProgrammersN진수게임Level2.swift */ = {isa = PBXFileReference; lastKnownFileType = sourcecode.swift; path = "ProgrammersN진수게임Level2.swift"; sourceTree = "<group>"; };
		6A7AB04A271F088A007924F9 /* 10807.swift */ = {isa = PBXFileReference; lastKnownFileType = sourcecode.swift; path = 10807.swift; sourceTree = "<group>"; };
		6A86C44E272A9A1300CC25AC /* Programmers거리두기Level2.swift */ = {isa = PBXFileReference; lastKnownFileType = sourcecode.swift; path = "Programmers거리두기Level2.swift"; sourceTree = "<group>"; };
		6A8FB6AA27187BC700A2D05C /* 1926.swift */ = {isa = PBXFileReference; lastKnownFileType = sourcecode.swift; path = 1926.swift; sourceTree = "<group>"; };
		6A8FB6AC2718B28300A2D05C /* 7576.swift */ = {isa = PBXFileReference; lastKnownFileType = sourcecode.swift; path = 7576.swift; sourceTree = "<group>"; };
		6A90FEA6271DA0BA001699DF /* 3273.swift */ = {isa = PBXFileReference; lastKnownFileType = sourcecode.swift; path = 3273.swift; sourceTree = "<group>"; };
		6A950BB6274355AE00DDAE25 /* Main.swift */ = {isa = PBXFileReference; lastKnownFileType = sourcecode.swift; path = Main.swift; sourceTree = "<group>"; };
		6A950BB8274402C400DDAE25 /* Programmers뉴스클러스터링Level2.swift */ = {isa = PBXFileReference; lastKnownFileType = sourcecode.swift; path = "Programmers뉴스클러스터링Level2.swift"; sourceTree = "<group>"; };
		6AB37CF227283C56001CB1C4 /* ProgrammersSkillLevel1.swift */ = {isa = PBXFileReference; lastKnownFileType = sourcecode.swift; path = ProgrammersSkillLevel1.swift; sourceTree = "<group>"; };
		6AB37CF427284123001CB1C4 /* ProgrammersSkillLevel1-2.swift */ = {isa = PBXFileReference; lastKnownFileType = sourcecode.swift; path = "ProgrammersSkillLevel1-2.swift"; sourceTree = "<group>"; };
		6AB3B828270597060028E87B /* BaekjoonAlgorithmSwift */ = {isa = PBXFileReference; explicitFileType = "compiled.mach-o.executable"; includeInIndex = 0; path = BaekjoonAlgorithmSwift; sourceTree = BUILT_PRODUCTS_DIR; };
		6AB3B832270597130028E87B /* 1000.swift */ = {isa = PBXFileReference; lastKnownFileType = sourcecode.swift; path = 1000.swift; sourceTree = "<group>"; };
		6ABE376E2720596C002401FD /* 1919.swift */ = {isa = PBXFileReference; lastKnownFileType = sourcecode.swift; path = 1919.swift; sourceTree = "<group>"; };
		6AF36A94271C606000BBB9D4 /* 10808.swift */ = {isa = PBXFileReference; lastKnownFileType = sourcecode.swift; path = 10808.swift; sourceTree = "<group>"; };
		6AFC8142271B0A130031716E /* 2577.swift */ = {isa = PBXFileReference; lastKnownFileType = sourcecode.swift; path = 2577.swift; sourceTree = "<group>"; };
/* End PBXFileReference section */

/* Begin PBXFrameworksBuildPhase section */
		6AB3B825270597060028E87B /* Frameworks */ = {
			isa = PBXFrameworksBuildPhase;
			buildActionMask = 2147483647;
			files = (
			);
			runOnlyForDeploymentPostprocessing = 0;
		};
/* End PBXFrameworksBuildPhase section */

/* Begin PBXGroup section */
		6A950BB52743557100DDAE25 /* Solution */ = {
			isa = PBXGroup;
			children = (
				6AB3B832270597130028E87B /* 1000.swift */,
				6A0CC2122717232800066AF6 /* 1475.swift */,
				6A8FB6AA27187BC700A2D05C /* 1926.swift */,
				6A8FB6AC2718B28300A2D05C /* 7576.swift */,
				6A90FEA6271DA0BA001699DF /* 3273.swift */,
				6A7AB04A271F088A007924F9 /* 10807.swift */,
				6ABE376E2720596C002401FD /* 1919.swift */,
				6A1BD6C42721A40200A10273 /* 1463.swift */,
				6A1BD6C62721B6CE00A10273 /* 9095.swift */,
				6AFC8142271B0A130031716E /* 2577.swift */,
				6AF36A94271C606000BBB9D4 /* 10808.swift */,
				6AB37CF227283C56001CB1C4 /* ProgrammersSkillLevel1.swift */,
				6AB37CF427284123001CB1C4 /* ProgrammersSkillLevel1-2.swift */,
				6A86C44E272A9A1300CC25AC /* Programmers거리두기Level2.swift */,
				6A1C594C272EE6B20068A891 /* ProgrammersN진수게임Level2.swift */,
				6A950BB8274402C400DDAE25 /* Programmers뉴스클러스터링Level2.swift */,
			);
			path = Solution;
			sourceTree = "<group>";
		};
		6AB3B81F270597060028E87B = {
			isa = PBXGroup;
			children = (
				6AB3B82A270597060028E87B /* BaekjoonAlgorithmSwift */,
				6AB3B829270597060028E87B /* Products */,
			);
			sourceTree = "<group>";
		};
		6AB3B829270597060028E87B /* Products */ = {
			isa = PBXGroup;
			children = (
				6AB3B828270597060028E87B /* BaekjoonAlgorithmSwift */,
			);
			name = Products;
			sourceTree = "<group>";
		};
		6AB3B82A270597060028E87B /* BaekjoonAlgorithmSwift */ = {
			isa = PBXGroup;
			children = (
				6A950BB52743557100DDAE25 /* Solution */,
				6A950BB6274355AE00DDAE25 /* Main.swift */,
			);
			path = BaekjoonAlgorithmSwift;
			sourceTree = "<group>";
		};
/* End PBXGroup section */

/* Begin PBXNativeTarget section */
		6AB3B827270597060028E87B /* BaekjoonAlgorithmSwift */ = {
			isa = PBXNativeTarget;
			buildConfigurationList = 6AB3B82F270597060028E87B /* Build configuration list for PBXNativeTarget "BaekjoonAlgorithmSwift" */;
			buildPhases = (
				6AB3B824270597060028E87B /* Sources */,
				6AB3B825270597060028E87B /* Frameworks */,
				6AB3B826270597060028E87B /* CopyFiles */,
			);
			buildRules = (
			);
			dependencies = (
			);
			name = BaekjoonAlgorithmSwift;
			productName = BaekjoonAlgorithmSwift;
			productReference = 6AB3B828270597060028E87B /* BaekjoonAlgorithmSwift */;
			productType = "com.apple.product-type.tool";
		};
/* End PBXNativeTarget section */

/* Begin PBXProject section */
		6AB3B820270597060028E87B /* Project object */ = {
			isa = PBXProject;
			attributes = {
				BuildIndependentTargetsInParallel = 1;
				LastSwiftUpdateCheck = 1300;
				LastUpgradeCheck = 1300;
				TargetAttributes = {
					6AB3B827270597060028E87B = {
						CreatedOnToolsVersion = 13.0;
					};
				};
			};
			buildConfigurationList = 6AB3B823270597060028E87B /* Build configuration list for PBXProject "BaekjoonAlgorithmSwift" */;
			compatibilityVersion = "Xcode 13.0";
			developmentRegion = en;
			hasScannedForEncodings = 0;
			knownRegions = (
				en,
				Base,
			);
			mainGroup = 6AB3B81F270597060028E87B;
			productRefGroup = 6AB3B829270597060028E87B /* Products */;
			projectDirPath = "";
			projectRoot = "";
			targets = (
				6AB3B827270597060028E87B /* BaekjoonAlgorithmSwift */,
			);
		};
/* End PBXProject section */

/* Begin PBXSourcesBuildPhase section */
		6AB3B824270597060028E87B /* Sources */ = {
			isa = PBXSourcesBuildPhase;
			buildActionMask = 2147483647;
			files = (
				6A950BB9274402C400DDAE25 /* Programmers뉴스클러스터링Level2.swift in Sources */,
				6A86C44F272A9A1300CC25AC /* Programmers거리두기Level2.swift in Sources */,
				6AB37CF327283C56001CB1C4 /* ProgrammersSkillLevel1.swift in Sources */,
				6AFC8143271B0A130031716E /* 2577.swift in Sources */,
				6A1C594D272EE6B20068A891 /* ProgrammersN진수게임Level2.swift in Sources */,
				6AF36A95271C606000BBB9D4 /* 10808.swift in Sources */,
				6A90FEA7271DA0BA001699DF /* 3273.swift in Sources */,
				6AB3B833270597130028E87B /* 1000.swift in Sources */,
				6A1BD6C72721B6CE00A10273 /* 9095.swift in Sources */,
				6A0CC2132717232800066AF6 /* 1475.swift in Sources */,
				6A8FB6AB27187BC700A2D05C /* 1926.swift in Sources */,
				6A950BB7274355AE00DDAE25 /* Main.swift in Sources */,
				6A7AB04B271F088A007924F9 /* 10807.swift in Sources */,
				6AB37CF527284123001CB1C4 /* ProgrammersSkillLevel1-2.swift in Sources */,
				6A1BD6C52721A40200A10273 /* 1463.swift in Sources */,
				6ABE376F2720596C002401FD /* 1919.swift in Sources */,
				6A8FB6AD2718B28300A2D05C /* 7576.swift in Sources */,
			);
			runOnlyForDeploymentPostprocessing = 0;
		};
/* End PBXSourcesBuildPhase section */

/* Begin XCBuildConfiguration section */
		6AB3B82D270597060028E87B /* Debug */ = {
			isa = XCBuildConfiguration;
			buildSettings = {
				ALWAYS_SEARCH_USER_PATHS = NO;
				CLANG_ANALYZER_NONNULL = YES;
				CLANG_ANALYZER_NUMBER_OBJECT_CONVERSION = YES_AGGRESSIVE;
				CLANG_CXX_LANGUAGE_STANDARD = "gnu++17";
				CLANG_CXX_LIBRARY = "libc++";
				CLANG_ENABLE_MODULES = YES;
				CLANG_ENABLE_OBJC_ARC = YES;
				CLANG_ENABLE_OBJC_WEAK = YES;
				CLANG_WARN_BLOCK_CAPTURE_AUTORELEASING = YES;
				CLANG_WARN_BOOL_CONVERSION = YES;
				CLANG_WARN_COMMA = YES;
				CLANG_WARN_CONSTANT_CONVERSION = YES;
				CLANG_WARN_DEPRECATED_OBJC_IMPLEMENTATIONS = YES;
				CLANG_WARN_DIRECT_OBJC_ISA_USAGE = YES_ERROR;
				CLANG_WARN_DOCUMENTATION_COMMENTS = YES;
				CLANG_WARN_EMPTY_BODY = YES;
				CLANG_WARN_ENUM_CONVERSION = YES;
				CLANG_WARN_INFINITE_RECURSION = YES;
				CLANG_WARN_INT_CONVERSION = YES;
				CLANG_WARN_NON_LITERAL_NULL_CONVERSION = YES;
				CLANG_WARN_OBJC_IMPLICIT_RETAIN_SELF = YES;
				CLANG_WARN_OBJC_LITERAL_CONVERSION = YES;
				CLANG_WARN_OBJC_ROOT_CLASS = YES_ERROR;
				CLANG_WARN_QUOTED_INCLUDE_IN_FRAMEWORK_HEADER = YES;
				CLANG_WARN_RANGE_LOOP_ANALYSIS = YES;
				CLANG_WARN_STRICT_PROTOTYPES = YES;
				CLANG_WARN_SUSPICIOUS_MOVE = YES;
				CLANG_WARN_UNGUARDED_AVAILABILITY = YES_AGGRESSIVE;
				CLANG_WARN_UNREACHABLE_CODE = YES;
				CLANG_WARN__DUPLICATE_METHOD_MATCH = YES;
				COPY_PHASE_STRIP = NO;
				DEBUG_INFORMATION_FORMAT = dwarf;
				ENABLE_STRICT_OBJC_MSGSEND = YES;
				ENABLE_TESTABILITY = YES;
				GCC_C_LANGUAGE_STANDARD = gnu11;
				GCC_DYNAMIC_NO_PIC = NO;
				GCC_NO_COMMON_BLOCKS = YES;
				GCC_OPTIMIZATION_LEVEL = 0;
				GCC_PREPROCESSOR_DEFINITIONS = (
					"DEBUG=1",
					"$(inherited)",
				);
				GCC_WARN_64_TO_32_BIT_CONVERSION = YES;
				GCC_WARN_ABOUT_RETURN_TYPE = YES_ERROR;
				GCC_WARN_UNDECLARED_SELECTOR = YES;
				GCC_WARN_UNINITIALIZED_AUTOS = YES_AGGRESSIVE;
				GCC_WARN_UNUSED_FUNCTION = YES;
				GCC_WARN_UNUSED_VARIABLE = YES;
				MACOSX_DEPLOYMENT_TARGET = 11.3;
				MTL_ENABLE_DEBUG_INFO = INCLUDE_SOURCE;
				MTL_FAST_MATH = YES;
				ONLY_ACTIVE_ARCH = YES;
				SDKROOT = macosx;
				SWIFT_ACTIVE_COMPILATION_CONDITIONS = DEBUG;
				SWIFT_OPTIMIZATION_LEVEL = "-Onone";
			};
			name = Debug;
		};
		6AB3B82E270597060028E87B /* Release */ = {
			isa = XCBuildConfiguration;
			buildSettings = {
				ALWAYS_SEARCH_USER_PATHS = NO;
				CLANG_ANALYZER_NONNULL = YES;
				CLANG_ANALYZER_NUMBER_OBJECT_CONVERSION = YES_AGGRESSIVE;
				CLANG_CXX_LANGUAGE_STANDARD = "gnu++17";
				CLANG_CXX_LIBRARY = "libc++";
				CLANG_ENABLE_MODULES = YES;
				CLANG_ENABLE_OBJC_ARC = YES;
				CLANG_ENABLE_OBJC_WEAK = YES;
				CLANG_WARN_BLOCK_CAPTURE_AUTORELEASING = YES;
				CLANG_WARN_BOOL_CONVERSION = YES;
				CLANG_WARN_COMMA = YES;
				CLANG_WARN_CONSTANT_CONVERSION = YES;
				CLANG_WARN_DEPRECATED_OBJC_IMPLEMENTATIONS = YES;
				CLANG_WARN_DIRECT_OBJC_ISA_USAGE = YES_ERROR;
				CLANG_WARN_DOCUMENTATION_COMMENTS = YES;
				CLANG_WARN_EMPTY_BODY = YES;
				CLANG_WARN_ENUM_CONVERSION = YES;
				CLANG_WARN_INFINITE_RECURSION = YES;
				CLANG_WARN_INT_CONVERSION = YES;
				CLANG_WARN_NON_LITERAL_NULL_CONVERSION = YES;
				CLANG_WARN_OBJC_IMPLICIT_RETAIN_SELF = YES;
				CLANG_WARN_OBJC_LITERAL_CONVERSION = YES;
				CLANG_WARN_OBJC_ROOT_CLASS = YES_ERROR;
				CLANG_WARN_QUOTED_INCLUDE_IN_FRAMEWORK_HEADER = YES;
				CLANG_WARN_RANGE_LOOP_ANALYSIS = YES;
				CLANG_WARN_STRICT_PROTOTYPES = YES;
				CLANG_WARN_SUSPICIOUS_MOVE = YES;
				CLANG_WARN_UNGUARDED_AVAILABILITY = YES_AGGRESSIVE;
				CLANG_WARN_UNREACHABLE_CODE = YES;
				CLANG_WARN__DUPLICATE_METHOD_MATCH = YES;
				COPY_PHASE_STRIP = NO;
				DEBUG_INFORMATION_FORMAT = "dwarf-with-dsym";
				ENABLE_NS_ASSERTIONS = NO;
				ENABLE_STRICT_OBJC_MSGSEND = YES;
				GCC_C_LANGUAGE_STANDARD = gnu11;
				GCC_NO_COMMON_BLOCKS = YES;
				GCC_WARN_64_TO_32_BIT_CONVERSION = YES;
				GCC_WARN_ABOUT_RETURN_TYPE = YES_ERROR;
				GCC_WARN_UNDECLARED_SELECTOR = YES;
				GCC_WARN_UNINITIALIZED_AUTOS = YES_AGGRESSIVE;
				GCC_WARN_UNUSED_FUNCTION = YES;
				GCC_WARN_UNUSED_VARIABLE = YES;
				MACOSX_DEPLOYMENT_TARGET = 11.3;
				MTL_ENABLE_DEBUG_INFO = NO;
				MTL_FAST_MATH = YES;
				SDKROOT = macosx;
				SWIFT_COMPILATION_MODE = wholemodule;
				SWIFT_OPTIMIZATION_LEVEL = "-O";
			};
			name = Release;
		};
		6AB3B830270597060028E87B /* Debug */ = {
			isa = XCBuildConfiguration;
			buildSettings = {
				CODE_SIGN_STYLE = Automatic;
				DEVELOPMENT_TEAM = PY3HK5UPTR;
				ENABLE_HARDENED_RUNTIME = YES;
				PRODUCT_NAME = "$(TARGET_NAME)";
				SWIFT_VERSION = 5.0;
			};
			name = Debug;
		};
		6AB3B831270597060028E87B /* Release */ = {
			isa = XCBuildConfiguration;
			buildSettings = {
				CODE_SIGN_STYLE = Automatic;
				DEVELOPMENT_TEAM = PY3HK5UPTR;
				ENABLE_HARDENED_RUNTIME = YES;
				PRODUCT_NAME = "$(TARGET_NAME)";
				SWIFT_VERSION = 5.0;
			};
			name = Release;
		};
/* End XCBuildConfiguration section */

/* Begin XCConfigurationList section */
		6AB3B823270597060028E87B /* Build configuration list for PBXProject "BaekjoonAlgorithmSwift" */ = {
			isa = XCConfigurationList;
			buildConfigurations = (
				6AB3B82D270597060028E87B /* Debug */,
				6AB3B82E270597060028E87B /* Release */,
			);
			defaultConfigurationIsVisible = 0;
			defaultConfigurationName = Release;
		};
		6AB3B82F270597060028E87B /* Build configuration list for PBXNativeTarget "BaekjoonAlgorithmSwift" */ = {
			isa = XCConfigurationList;
			buildConfigurations = (
				6AB3B830270597060028E87B /* Debug */,
				6AB3B831270597060028E87B /* Release */,
			);
			defaultConfigurationIsVisible = 0;
			defaultConfigurationName = Release;
		};
/* End XCConfigurationList section */
	};
	rootObject = 6AB3B820270597060028E87B /* Project object */;
}
